
Microsoft Visual Studio Solution File, Format Version 12.00
# Visual Studio Version 17
VisualStudioVersion = 17.8.34322.80
MinimumVisualStudioVersion = 10.0.40219.1
Project("{9A19103F-16F7-4668-BE54-9A1E7A4F7556}") = "AoC2023_01", "AoC2023_01\AoC2023_01.csproj", "{8D3858B8-D68C-4860-931B-22B2BCDEE778}"
EndProject
Project("{9A19103F-16F7-4668-BE54-9A1E7A4F7556}") = "AoC.Util", "AoC.Util\AoC.Util.csproj", "{39C980EE-5F98-4C24-AE15-518956B6CCCF}"
EndProject
Project("{9A19103F-16F7-4668-BE54-9A1E7A4F7556}") = "AoC2023_02", "AoC2023_02\AoC2023_02.csproj", "{67A78AF7-1631-4349-B911-FC259A5F0057}"
EndProject
Project("{9A19103F-16F7-4668-BE54-9A1E7A4F7556}") = "AoC2023_03", "AoC2023_03\AoC2023_03.csproj", "{630DA338-C2F8-4A36-8ADD-065643711B2A}"
EndProject
Project("{9A19103F-16F7-4668-BE54-9A1E7A4F7556}") = "AoC2023_04", "AoC2023_04\AoC2023_04.csproj", "{C2A50D54-5974-4793-9629-16B329FC6B1C}"
EndProject
Project("{9A19103F-16F7-4668-BE54-9A1E7A4F7556}") = "AoC2023_05", "AoC2023_05\AoC2023_05.csproj", "{5003BEC0-2099-4F01-B0F2-0F130D27D26E}"
EndProject
Project("{9A19103F-16F7-4668-BE54-9A1E7A4F7556}") = "AoC2023_06", "AoC2023_06\AoC2023_06.csproj", "{9CD63700-99FD-4EA8-9F54-B38EA5FA159E}"
EndProject
Project("{9A19103F-16F7-4668-BE54-9A1E7A4F7556}") = "AoC2023_07", "AoC2023_07\AoC2023_07.csproj", "{3C02C06E-C5C4-40EA-9B4D-98D66E851548}"
EndProject
Project("{9A19103F-16F7-4668-BE54-9A1E7A4F7556}") = "AoC2023_08", "AoC2023_08\AoC2023_08.csproj", "{D0ED6DDA-F75A-4AD0-B015-992FC547C0F6}"
EndProject
Project("{9A19103F-16F7-4668-BE54-9A1E7A4F7556}") = "AoC2023_09", "AoC2023_09\AoC2023_09.csproj", "{87B5D24E-2568-4C7F-B13F-E8C5865741AE}"
EndProject
Project("{9A19103F-16F7-4668-BE54-9A1E7A4F7556}") = "AoC2023_10", "AoC2023_10\AoC2023_10.csproj", "{C36D369D-85D1-4A04-824C-0467DA2C70AB}"
EndProject
Project("{9A19103F-16F7-4668-BE54-9A1E7A4F7556}") = "AoC2023_11", "AoC2023_11\AoC2023_11.csproj", "{90DB3CD8-CFA0-4953-AAC2-D2DB9AB42084}"
EndProject
Project("{9A19103F-16F7-4668-BE54-9A1E7A4F7556}") = "AoC2023_12", "AoC2023_12\AoC2023_12.csproj", "{11E396FE-9271-4E3B-BE7C-5A47F857AA02}"
EndProject
Global
	GlobalSection(SolutionConfigurationPlatforms) = preSolution
		Debug|Any CPU = Debug|Any CPU
		Release|Any CPU = Release|Any CPU
	EndGlobalSection
	GlobalSection(ProjectConfigurationPlatforms) = postSolution
		{8D3858B8-D68C-4860-931B-22B2BCDEE778}.Debug|Any CPU.ActiveCfg = Debug|Any CPU
		{8D3858B8-D68C-4860-931B-22B2BCDEE778}.Debug|Any CPU.Build.0 = Debug|Any CPU
		{8D3858B8-D68C-4860-931B-22B2BCDEE778}.Release|Any CPU.ActiveCfg = Release|Any CPU
		{8D3858B8-D68C-4860-931B-22B2BCDEE778}.Release|Any CPU.Build.0 = Release|Any CPU
		{39C980EE-5F98-4C24-AE15-518956B6CCCF}.Debug|Any CPU.ActiveCfg = Debug|Any CPU
		{39C980EE-5F98-4C24-AE15-518956B6CCCF}.Debug|Any CPU.Build.0 = Debug|Any CPU
		{39C980EE-5F98-4C24-AE15-518956B6CCCF}.Release|Any CPU.ActiveCfg = Release|Any CPU
		{39C980EE-5F98-4C24-AE15-518956B6CCCF}.Release|Any CPU.Build.0 = Release|Any CPU
		{67A78AF7-1631-4349-B911-FC259A5F0057}.Debug|Any CPU.ActiveCfg = Debug|Any CPU
		{67A78AF7-1631-4349-B911-FC259A5F0057}.Debug|Any CPU.Build.0 = Debug|Any CPU
		{67A78AF7-1631-4349-B911-FC259A5F0057}.Release|Any CPU.ActiveCfg = Release|Any CPU
		{67A78AF7-1631-4349-B911-FC259A5F0057}.Release|Any CPU.Build.0 = Release|Any CPU
		{630DA338-C2F8-4A36-8ADD-065643711B2A}.Debug|Any CPU.ActiveCfg = Debug|Any CPU
		{630DA338-C2F8-4A36-8ADD-065643711B2A}.Debug|Any CPU.Build.0 = Debug|Any CPU
		{630DA338-C2F8-4A36-8ADD-065643711B2A}.Release|Any CPU.ActiveCfg = Release|Any CPU
		{630DA338-C2F8-4A36-8ADD-065643711B2A}.Release|Any CPU.Build.0 = Release|Any CPU
		{C2A50D54-5974-4793-9629-16B329FC6B1C}.Debug|Any CPU.ActiveCfg = Debug|Any CPU
		{C2A50D54-5974-4793-9629-16B329FC6B1C}.Debug|Any CPU.Build.0 = Debug|Any CPU
		{C2A50D54-5974-4793-9629-16B329FC6B1C}.Release|Any CPU.ActiveCfg = Release|Any CPU
		{C2A50D54-5974-4793-9629-16B329FC6B1C}.Release|Any CPU.Build.0 = Release|Any CPU
		{5003BEC0-2099-4F01-B0F2-0F130D27D26E}.Debug|Any CPU.ActiveCfg = Debug|Any CPU
		{5003BEC0-2099-4F01-B0F2-0F130D27D26E}.Debug|Any CPU.Build.0 = Debug|Any CPU
		{5003BEC0-2099-4F01-B0F2-0F130D27D26E}.Release|Any CPU.ActiveCfg = Release|Any CPU
		{5003BEC0-2099-4F01-B0F2-0F130D27D26E}.Release|Any CPU.Build.0 = Release|Any CPU
		{9CD63700-99FD-4EA8-9F54-B38EA5FA159E}.Debug|Any CPU.ActiveCfg = Debug|Any CPU
		{9CD63700-99FD-4EA8-9F54-B38EA5FA159E}.Debug|Any CPU.Build.0 = Debug|Any CPU
		{9CD63700-99FD-4EA8-9F54-B38EA5FA159E}.Release|Any CPU.ActiveCfg = Release|Any CPU
		{9CD63700-99FD-4EA8-9F54-B38EA5FA159E}.Release|Any CPU.Build.0 = Release|Any CPU
		{3C02C06E-C5C4-40EA-9B4D-98D66E851548}.Debug|Any CPU.ActiveCfg = Debug|Any CPU
		{3C02C06E-C5C4-40EA-9B4D-98D66E851548}.Debug|Any CPU.Build.0 = Debug|Any CPU
		{3C02C06E-C5C4-40EA-9B4D-98D66E851548}.Release|Any CPU.ActiveCfg = Release|Any CPU
		{3C02C06E-C5C4-40EA-9B4D-98D66E851548}.Release|Any CPU.Build.0 = Release|Any CPU
		{D0ED6DDA-F75A-4AD0-B015-992FC547C0F6}.Debug|Any CPU.ActiveCfg = Debug|Any CPU
		{D0ED6DDA-F75A-4AD0-B015-992FC547C0F6}.Debug|Any CPU.Build.0 = Debug|Any CPU
		{D0ED6DDA-F75A-4AD0-B015-992FC547C0F6}.Release|Any CPU.ActiveCfg = Release|Any CPU
		{D0ED6DDA-F75A-4AD0-B015-992FC547C0F6}.Release|Any CPU.Build.0 = Release|Any CPU
		{87B5D24E-2568-4C7F-B13F-E8C5865741AE}.Debug|Any CPU.ActiveCfg = Debug|Any CPU
		{87B5D24E-2568-4C7F-B13F-E8C5865741AE}.Debug|Any CPU.Build.0 = Debug|Any CPU
		{87B5D24E-2568-4C7F-B13F-E8C5865741AE}.Release|Any CPU.ActiveCfg = Release|Any CPU
		{87B5D24E-2568-4C7F-B13F-E8C5865741AE}.Release|Any CPU.Build.0 = Release|Any CPU
		{C36D369D-85D1-4A04-824C-0467DA2C70AB}.Debug|Any CPU.ActiveCfg = Debug|Any CPU
		{C36D369D-85D1-4A04-824C-0467DA2C70AB}.Debug|Any CPU.Build.0 = Debug|Any CPU
		{C36D369D-85D1-4A04-824C-0467DA2C70AB}.Release|Any CPU.ActiveCfg = Release|Any CPU
		{C36D369D-85D1-4A04-824C-0467DA2C70AB}.Release|Any CPU.Build.0 = Release|Any CPU
		{90DB3CD8-CFA0-4953-AAC2-D2DB9AB42084}.Debug|Any CPU.ActiveCfg = Debug|Any CPU
		{90DB3CD8-CFA0-4953-AAC2-D2DB9AB42084}.Debug|Any CPU.Build.0 = Debug|Any CPU
		{90DB3CD8-CFA0-4953-AAC2-D2DB9AB42084}.Release|Any CPU.ActiveCfg = Release|Any CPU
		{90DB3CD8-CFA0-4953-AAC2-D2DB9AB42084}.Release|Any CPU.Build.0 = Release|Any CPU
		{11E396FE-9271-4E3B-BE7C-5A47F857AA02}.Debug|Any CPU.ActiveCfg = Debug|Any CPU
		{11E396FE-9271-4E3B-BE7C-5A47F857AA02}.Debug|Any CPU.Build.0 = Debug|Any CPU
		{11E396FE-9271-4E3B-BE7C-5A47F857AA02}.Release|Any CPU.ActiveCfg = Release|Any CPU
		{11E396FE-9271-4E3B-BE7C-5A47F857AA02}.Release|Any CPU.Build.0 = Release|Any CPU
	EndGlobalSection
	GlobalSection(SolutionProperties) = preSolution
		HideSolutionNode = FALSE
	EndGlobalSection
	GlobalSection(ExtensibilityGlobals) = postSolution
		SolutionGuid = {BC92AF41-EF66-4145-9375-41F3D04B9280}
	EndGlobalSection
EndGlobal
